
Microsoft Visual Studio Solution File, Format Version 12.00
# Visual Studio Version 16
VisualStudioVersion = 16.0.29509.3
MinimumVisualStudioVersion = 10.0.40219.1
Project("{FAE04EC0-301F-11D3-BF4B-00C04F79EFBC}") = "MyGenericHost", "MyGenericHost.csproj", "{B4DF30B0-4EC8-4EE0-BC04-CF44E7042BDA}"
EndProject
Global
	GlobalSection(SolutionConfigurationPlatforms) = preSolution
		Debug|Any CPU = Debug|Any CPU
		Release|Any CPU = Release|Any CPU
	EndGlobalSection
	GlobalSection(ProjectConfigurationPlatforms) = postSolution
		{B4DF30B0-4EC8-4EE0-BC04-CF44E7042BDA}.Debug|Any CPU.ActiveCfg = Debug|Any CPU
		{B4DF30B0-4EC8-4EE0-BC04-CF44E7042BDA}.Debug|Any CPU.Build.0 = Debug|Any CPU
		{B4DF30B0-4EC8-4EE0-BC04-CF44E7042BDA}.Release|Any CPU.ActiveCfg = Release|Any CPU
		{B4DF30B0-4EC8-4EE0-BC04-CF44E7042BDA}.Release|Any CPU.Build.0 = Release|Any CPU
	EndGlobalSection
	GlobalSection(SolutionProperties) = preSolution
		HideSolutionNode = FALSE
	EndGlobalSection
	GlobalSection(ExtensibilityGlobals) = postSolution
		SolutionGuid = {B44BAF94-CF58-4693-BAB7-B81E74A82960}
	EndGlobalSection
EndGlobal
